
Microsoft Visual Studio Solution File, Format Version 12.00
# Visual Studio Version 17
VisualStudioVersion = 17.7.34031.279
MinimumVisualStudioVersion = 10.0.40219.1
Project("{FAE04EC0-301F-11D3-BF4B-00C04F79EFBC}") = "Set1 ex14", "Set1 ex14\Set1 ex14.csproj", "{3FD405F3-4CA3-465D-BD45-A84E23CD4B64}"
EndProject
Global
	GlobalSection(SolutionConfigurationPlatforms) = preSolution
		Debug|Any CPU = Debug|Any CPU
		Release|Any CPU = Release|Any CPU
	EndGlobalSection
	GlobalSection(ProjectConfigurationPlatforms) = postSolution
		{3FD405F3-4CA3-465D-BD45-A84E23CD4B64}.Debug|Any CPU.ActiveCfg = Debug|Any CPU
		{3FD405F3-4CA3-465D-BD45-A84E23CD4B64}.Debug|Any CPU.Build.0 = Debug|Any CPU
		{3FD405F3-4CA3-465D-BD45-A84E23CD4B64}.Release|Any CPU.ActiveCfg = Release|Any CPU
		{3FD405F3-4CA3-465D-BD45-A84E23CD4B64}.Release|Any CPU.Build.0 = Release|Any CPU
	EndGlobalSection
	GlobalSection(SolutionProperties) = preSolution
		HideSolutionNode = FALSE
	EndGlobalSection
	GlobalSection(ExtensibilityGlobals) = postSolution
		SolutionGuid = {3092AE72-BCCF-4E40-875A-5FC59EFB561D}
	EndGlobalSection
EndGlobal
