
Microsoft Visual Studio Solution File, Format Version 12.00
# Visual Studio Version 17
VisualStudioVersion = 17.7.34031.279
MinimumVisualStudioVersion = 10.0.40219.1
Project("{FAE04EC0-301F-11D3-BF4B-00C04F79EFBC}") = "Set1 ex21", "Set1 ex21\Set1 ex21.csproj", "{B1BB614B-FE54-4D29-A792-126E69865538}"
EndProject
Global
	GlobalSection(SolutionConfigurationPlatforms) = preSolution
		Debug|Any CPU = Debug|Any CPU
		Release|Any CPU = Release|Any CPU
	EndGlobalSection
	GlobalSection(ProjectConfigurationPlatforms) = postSolution
		{B1BB614B-FE54-4D29-A792-126E69865538}.Debug|Any CPU.ActiveCfg = Debug|Any CPU
		{B1BB614B-FE54-4D29-A792-126E69865538}.Debug|Any CPU.Build.0 = Debug|Any CPU
		{B1BB614B-FE54-4D29-A792-126E69865538}.Release|Any CPU.ActiveCfg = Release|Any CPU
		{B1BB614B-FE54-4D29-A792-126E69865538}.Release|Any CPU.Build.0 = Release|Any CPU
	EndGlobalSection
	GlobalSection(SolutionProperties) = preSolution
		HideSolutionNode = FALSE
	EndGlobalSection
	GlobalSection(ExtensibilityGlobals) = postSolution
		SolutionGuid = {8C817B71-AC02-4229-8C2B-9A5B8DB35FC9}
	EndGlobalSection
EndGlobal
