
Microsoft Visual Studio Solution File, Format Version 12.00
# Visual Studio Version 17
VisualStudioVersion = 17.7.34031.279
MinimumVisualStudioVersion = 10.0.40219.1
Project("{FAE04EC0-301F-11D3-BF4B-00C04F79EFBC}") = "Set1 ex10", "Set1 ex10\Set1 ex10.csproj", "{8A5C4EA9-16CC-4754-893A-4EF6515DEB6D}"
EndProject
Global
	GlobalSection(SolutionConfigurationPlatforms) = preSolution
		Debug|Any CPU = Debug|Any CPU
		Release|Any CPU = Release|Any CPU
	EndGlobalSection
	GlobalSection(ProjectConfigurationPlatforms) = postSolution
		{8A5C4EA9-16CC-4754-893A-4EF6515DEB6D}.Debug|Any CPU.ActiveCfg = Debug|Any CPU
		{8A5C4EA9-16CC-4754-893A-4EF6515DEB6D}.Debug|Any CPU.Build.0 = Debug|Any CPU
		{8A5C4EA9-16CC-4754-893A-4EF6515DEB6D}.Release|Any CPU.ActiveCfg = Release|Any CPU
		{8A5C4EA9-16CC-4754-893A-4EF6515DEB6D}.Release|Any CPU.Build.0 = Release|Any CPU
	EndGlobalSection
	GlobalSection(SolutionProperties) = preSolution
		HideSolutionNode = FALSE
	EndGlobalSection
	GlobalSection(ExtensibilityGlobals) = postSolution
		SolutionGuid = {A7F3BF95-FFAE-4A9D-AC0E-2EE89F6F5E8F}
	EndGlobalSection
EndGlobal
