
Microsoft Visual Studio Solution File, Format Version 12.00
# Visual Studio Version 17
VisualStudioVersion = 17.7.34031.279
MinimumVisualStudioVersion = 10.0.40219.1
Project("{FAE04EC0-301F-11D3-BF4B-00C04F79EFBC}") = "Set1 ex7", "Set1 ex7\Set1 ex7.csproj", "{95246E7C-2AD6-468F-8694-018A0794D7EF}"
EndProject
Global
	GlobalSection(SolutionConfigurationPlatforms) = preSolution
		Debug|Any CPU = Debug|Any CPU
		Release|Any CPU = Release|Any CPU
	EndGlobalSection
	GlobalSection(ProjectConfigurationPlatforms) = postSolution
		{95246E7C-2AD6-468F-8694-018A0794D7EF}.Debug|Any CPU.ActiveCfg = Debug|Any CPU
		{95246E7C-2AD6-468F-8694-018A0794D7EF}.Debug|Any CPU.Build.0 = Debug|Any CPU
		{95246E7C-2AD6-468F-8694-018A0794D7EF}.Release|Any CPU.ActiveCfg = Release|Any CPU
		{95246E7C-2AD6-468F-8694-018A0794D7EF}.Release|Any CPU.Build.0 = Release|Any CPU
	EndGlobalSection
	GlobalSection(SolutionProperties) = preSolution
		HideSolutionNode = FALSE
	EndGlobalSection
	GlobalSection(ExtensibilityGlobals) = postSolution
		SolutionGuid = {5407FA07-9408-4F22-8760-4AC09E280BB6}
	EndGlobalSection
EndGlobal
