
Microsoft Visual Studio Solution File, Format Version 12.00
# Visual Studio Version 17
VisualStudioVersion = 17.7.34031.279
MinimumVisualStudioVersion = 10.0.40219.1
Project("{FAE04EC0-301F-11D3-BF4B-00C04F79EFBC}") = "Set1 ex11", "Set1 ex11\Set1 ex11.csproj", "{9E56FF32-7713-47E9-8F87-17F129550170}"
EndProject
Global
	GlobalSection(SolutionConfigurationPlatforms) = preSolution
		Debug|Any CPU = Debug|Any CPU
		Release|Any CPU = Release|Any CPU
	EndGlobalSection
	GlobalSection(ProjectConfigurationPlatforms) = postSolution
		{9E56FF32-7713-47E9-8F87-17F129550170}.Debug|Any CPU.ActiveCfg = Debug|Any CPU
		{9E56FF32-7713-47E9-8F87-17F129550170}.Debug|Any CPU.Build.0 = Debug|Any CPU
		{9E56FF32-7713-47E9-8F87-17F129550170}.Release|Any CPU.ActiveCfg = Release|Any CPU
		{9E56FF32-7713-47E9-8F87-17F129550170}.Release|Any CPU.Build.0 = Release|Any CPU
	EndGlobalSection
	GlobalSection(SolutionProperties) = preSolution
		HideSolutionNode = FALSE
	EndGlobalSection
	GlobalSection(ExtensibilityGlobals) = postSolution
		SolutionGuid = {E85A08AA-067E-4176-9A78-AFAF29CDFB12}
	EndGlobalSection
EndGlobal
