
Microsoft Visual Studio Solution File, Format Version 12.00
# Visual Studio Version 17
VisualStudioVersion = 17.7.34031.279
MinimumVisualStudioVersion = 10.0.40219.1
Project("{FAE04EC0-301F-11D3-BF4B-00C04F79EFBC}") = "Set1 ex16", "Set1 ex16\Set1 ex16.csproj", "{1AC9A9DC-92D3-4EAF-8B92-ABBEA33B00DA}"
EndProject
Global
	GlobalSection(SolutionConfigurationPlatforms) = preSolution
		Debug|Any CPU = Debug|Any CPU
		Release|Any CPU = Release|Any CPU
	EndGlobalSection
	GlobalSection(ProjectConfigurationPlatforms) = postSolution
		{1AC9A9DC-92D3-4EAF-8B92-ABBEA33B00DA}.Debug|Any CPU.ActiveCfg = Debug|Any CPU
		{1AC9A9DC-92D3-4EAF-8B92-ABBEA33B00DA}.Debug|Any CPU.Build.0 = Debug|Any CPU
		{1AC9A9DC-92D3-4EAF-8B92-ABBEA33B00DA}.Release|Any CPU.ActiveCfg = Release|Any CPU
		{1AC9A9DC-92D3-4EAF-8B92-ABBEA33B00DA}.Release|Any CPU.Build.0 = Release|Any CPU
	EndGlobalSection
	GlobalSection(SolutionProperties) = preSolution
		HideSolutionNode = FALSE
	EndGlobalSection
	GlobalSection(ExtensibilityGlobals) = postSolution
		SolutionGuid = {C93BEBE0-8B74-4506-B4FF-119446580C63}
	EndGlobalSection
EndGlobal
